
Microsoft Visual Studio Solution File, Format Version 12.00
# Visual Studio Version 17
VisualStudioVersion = 17.5.33516.290
MinimumVisualStudioVersion = 10.0.40219.1
Project("{2150E333-8FDC-42A3-9474-1A3956D46DE8}") = "Infrastructure", "Infrastructure", "{AC186EE7-54A1-41DA-B56A-600E50345040}"
EndProject
Project("{2150E333-8FDC-42A3-9474-1A3956D46DE8}") = "Repository", "Repository", "{4FB14038-81E6-4F80-9B14-8C8526DEBD5F}"
EndProject
Project("{9A19103F-16F7-4668-BE54-9A1E7A4F7556}") = "Infrastructure", "Infrastructure\Infrastructure.csproj", "{465ED3F1-12FC-48CE-8A0E-B69ED900C500}"
EndProject
Project("{2150E333-8FDC-42A3-9474-1A3956D46DE8}") = "API", "API", "{F855C50D-64B0-40DC-8D37-303873B7F93B}"
EndProject
Project("{9A19103F-16F7-4668-BE54-9A1E7A4F7556}") = "API", "API\API.csproj", "{B7F1EC7B-233D-41B5-95FC-7C02656FC542}"
EndProject
Project("{2150E333-8FDC-42A3-9474-1A3956D46DE8}") = "Shared", "Shared", "{62401920-29A9-44CD-AE6A-BAB716AE0A2E}"
EndProject
Project("{9A19103F-16F7-4668-BE54-9A1E7A4F7556}") = "Shared", "Shared\Shared.csproj", "{AFE7B361-90DD-4DF4-838A-B53F7BB199E3}"
EndProject
Project("{2150E333-8FDC-42A3-9474-1A3956D46DE8}") = "Middleware", "Middleware", "{D55D7504-15DC-4486-923E-33D1A26A704A}"
EndProject
Project("{9A19103F-16F7-4668-BE54-9A1E7A4F7556}") = "Middleware", "Middleware\Middleware.csproj", "{2BBF63D6-61E2-42D2-BE0A-F094E6A9B126}"
EndProject
Project("{2150E333-8FDC-42A3-9474-1A3956D46DE8}") = "Model", "Model", "{55E427C3-0DF9-45F3-B65E-9D9C131EBCBC}"
EndProject
Project("{2150E333-8FDC-42A3-9474-1A3956D46DE8}") = "App", "App", "{279729D7-02DC-4895-BC9D-9739E5FA2A7C}"
EndProject
Project("{9A19103F-16F7-4668-BE54-9A1E7A4F7556}") = "Model.Mobile", "Model\Model.Mobile\Model.Mobile.csproj", "{0ED93F07-C731-4EBA-B7BA-B5D41BF9AD9A}"
EndProject
Project("{9A19103F-16F7-4668-BE54-9A1E7A4F7556}") = "Model.Portal", "Model\Model.Portal\Model.Portal.csproj", "{90161A70-DA16-4C3E-A2C1-07A9BACB41C1}"
EndProject
Project("{FAE04EC0-301F-11D3-BF4B-00C04F79EFBC}") = "Repository.Mobile", "Repository\Repository.Mobile\Repository.Mobile.csproj", "{D984B253-40D7-4368-A725-2028B1A15D66}"
EndProject
Project("{FAE04EC0-301F-11D3-BF4B-00C04F79EFBC}") = "Repository.Portal", "Repository\Repository.Portal\Repository.Portal.csproj", "{7C61F117-6361-428D-94DA-BA619F824ABF}"
EndProject
Global
	GlobalSection(SolutionConfigurationPlatforms) = preSolution
		Debug|Any CPU = Debug|Any CPU
		Release|Any CPU = Release|Any CPU
	EndGlobalSection
	GlobalSection(ProjectConfigurationPlatforms) = postSolution
		{465ED3F1-12FC-48CE-8A0E-B69ED900C500}.Debug|Any CPU.ActiveCfg = Debug|Any CPU
		{465ED3F1-12FC-48CE-8A0E-B69ED900C500}.Debug|Any CPU.Build.0 = Debug|Any CPU
		{465ED3F1-12FC-48CE-8A0E-B69ED900C500}.Release|Any CPU.ActiveCfg = Release|Any CPU
		{465ED3F1-12FC-48CE-8A0E-B69ED900C500}.Release|Any CPU.Build.0 = Release|Any CPU
		{B7F1EC7B-233D-41B5-95FC-7C02656FC542}.Debug|Any CPU.ActiveCfg = Debug|Any CPU
		{B7F1EC7B-233D-41B5-95FC-7C02656FC542}.Debug|Any CPU.Build.0 = Debug|Any CPU
		{B7F1EC7B-233D-41B5-95FC-7C02656FC542}.Release|Any CPU.ActiveCfg = Release|Any CPU
		{B7F1EC7B-233D-41B5-95FC-7C02656FC542}.Release|Any CPU.Build.0 = Release|Any CPU
		{AFE7B361-90DD-4DF4-838A-B53F7BB199E3}.Debug|Any CPU.ActiveCfg = Debug|Any CPU
		{AFE7B361-90DD-4DF4-838A-B53F7BB199E3}.Debug|Any CPU.Build.0 = Debug|Any CPU
		{AFE7B361-90DD-4DF4-838A-B53F7BB199E3}.Release|Any CPU.ActiveCfg = Release|Any CPU
		{AFE7B361-90DD-4DF4-838A-B53F7BB199E3}.Release|Any CPU.Build.0 = Release|Any CPU
		{2BBF63D6-61E2-42D2-BE0A-F094E6A9B126}.Debug|Any CPU.ActiveCfg = Debug|Any CPU
		{2BBF63D6-61E2-42D2-BE0A-F094E6A9B126}.Debug|Any CPU.Build.0 = Debug|Any CPU
		{2BBF63D6-61E2-42D2-BE0A-F094E6A9B126}.Release|Any CPU.ActiveCfg = Release|Any CPU
		{2BBF63D6-61E2-42D2-BE0A-F094E6A9B126}.Release|Any CPU.Build.0 = Release|Any CPU
		{0ED93F07-C731-4EBA-B7BA-B5D41BF9AD9A}.Debug|Any CPU.ActiveCfg = Debug|Any CPU
		{0ED93F07-C731-4EBA-B7BA-B5D41BF9AD9A}.Debug|Any CPU.Build.0 = Debug|Any CPU
		{0ED93F07-C731-4EBA-B7BA-B5D41BF9AD9A}.Release|Any CPU.ActiveCfg = Release|Any CPU
		{0ED93F07-C731-4EBA-B7BA-B5D41BF9AD9A}.Release|Any CPU.Build.0 = Release|Any CPU
		{90161A70-DA16-4C3E-A2C1-07A9BACB41C1}.Debug|Any CPU.ActiveCfg = Debug|Any CPU
		{90161A70-DA16-4C3E-A2C1-07A9BACB41C1}.Debug|Any CPU.Build.0 = Debug|Any CPU
		{90161A70-DA16-4C3E-A2C1-07A9BACB41C1}.Release|Any CPU.ActiveCfg = Release|Any CPU
		{90161A70-DA16-4C3E-A2C1-07A9BACB41C1}.Release|Any CPU.Build.0 = Release|Any CPU
		{D984B253-40D7-4368-A725-2028B1A15D66}.Debug|Any CPU.ActiveCfg = Debug|Any CPU
		{D984B253-40D7-4368-A725-2028B1A15D66}.Debug|Any CPU.Build.0 = Debug|Any CPU
		{D984B253-40D7-4368-A725-2028B1A15D66}.Release|Any CPU.ActiveCfg = Release|Any CPU
		{D984B253-40D7-4368-A725-2028B1A15D66}.Release|Any CPU.Build.0 = Release|Any CPU
		{7C61F117-6361-428D-94DA-BA619F824ABF}.Debug|Any CPU.ActiveCfg = Debug|Any CPU
		{7C61F117-6361-428D-94DA-BA619F824ABF}.Debug|Any CPU.Build.0 = Debug|Any CPU
		{7C61F117-6361-428D-94DA-BA619F824ABF}.Release|Any CPU.ActiveCfg = Release|Any CPU
		{7C61F117-6361-428D-94DA-BA619F824ABF}.Release|Any CPU.Build.0 = Release|Any CPU
	EndGlobalSection
	GlobalSection(SolutionProperties) = preSolution
		HideSolutionNode = FALSE
	EndGlobalSection
	GlobalSection(NestedProjects) = preSolution
		{465ED3F1-12FC-48CE-8A0E-B69ED900C500} = {AC186EE7-54A1-41DA-B56A-600E50345040}
		{B7F1EC7B-233D-41B5-95FC-7C02656FC542} = {F855C50D-64B0-40DC-8D37-303873B7F93B}
		{AFE7B361-90DD-4DF4-838A-B53F7BB199E3} = {62401920-29A9-44CD-AE6A-BAB716AE0A2E}
		{2BBF63D6-61E2-42D2-BE0A-F094E6A9B126} = {D55D7504-15DC-4486-923E-33D1A26A704A}
		{0ED93F07-C731-4EBA-B7BA-B5D41BF9AD9A} = {55E427C3-0DF9-45F3-B65E-9D9C131EBCBC}
		{90161A70-DA16-4C3E-A2C1-07A9BACB41C1} = {55E427C3-0DF9-45F3-B65E-9D9C131EBCBC}
		{D984B253-40D7-4368-A725-2028B1A15D66} = {4FB14038-81E6-4F80-9B14-8C8526DEBD5F}
		{7C61F117-6361-428D-94DA-BA619F824ABF} = {4FB14038-81E6-4F80-9B14-8C8526DEBD5F}
	EndGlobalSection
	GlobalSection(ExtensibilityGlobals) = postSolution
		SolutionGuid = {27912CBC-C980-4152-A081-E15B31321228}
	EndGlobalSection
EndGlobal
